
Microsoft Visual Studio Solution File, Format Version 12.00
# Visual Studio Version 16
VisualStudioVersion = 16.0.29519.87
MinimumVisualStudioVersion = 10.0.40219.1
Project("{FAE04EC0-301F-11D3-BF4B-00C04F79EFBC}") = "End_to_End_Communication", "EndToEnd\End_to_End_Communication.csproj", "{7B8FCE9F-0979-4FEC-949C-9755A9FA8001}"
EndProject
Global
	GlobalSection(SolutionConfigurationPlatforms) = preSolution
		Debug|Any CPU = Debug|Any CPU
		Release|Any CPU = Release|Any CPU
	EndGlobalSection
	GlobalSection(ProjectConfigurationPlatforms) = postSolution
		{7B8FCE9F-0979-4FEC-949C-9755A9FA8001}.Debug|Any CPU.ActiveCfg = Debug|Any CPU
		{7B8FCE9F-0979-4FEC-949C-9755A9FA8001}.Debug|Any CPU.Build.0 = Debug|Any CPU
		{7B8FCE9F-0979-4FEC-949C-9755A9FA8001}.Release|Any CPU.ActiveCfg = Release|Any CPU
		{7B8FCE9F-0979-4FEC-949C-9755A9FA8001}.Release|Any CPU.Build.0 = Release|Any CPU
	EndGlobalSection
	GlobalSection(SolutionProperties) = preSolution
		HideSolutionNode = FALSE
	EndGlobalSection
	GlobalSection(ExtensibilityGlobals) = postSolution
		SolutionGuid = {C362F0EF-FF98-4901-82AE-AE029ABCE07D}
	EndGlobalSection
EndGlobal
